
Microsoft Visual Studio Solution File, Format Version 12.00
# Visual Studio Version 17
VisualStudioVersion = 17.8.34525.116
MinimumVisualStudioVersion = 10.0.40219.1
Project("{FAE04EC0-301F-11D3-BF4B-00C04F79EFBC}") = "DepencyInjectionLifeTTime", "DepencyInjectionLifeTTime\DepencyInjectionLifeTTime.csproj", "{234CB3DA-C57C-40C7-BB89-3EDD99FEFFFA}"
EndProject
Global
	GlobalSection(SolutionConfigurationPlatforms) = preSolution
		Debug|Any CPU = Debug|Any CPU
		Release|Any CPU = Release|Any CPU
	EndGlobalSection
	GlobalSection(ProjectConfigurationPlatforms) = postSolution
		{234CB3DA-C57C-40C7-BB89-3EDD99FEFFFA}.Debug|Any CPU.ActiveCfg = Debug|Any CPU
		{234CB3DA-C57C-40C7-BB89-3EDD99FEFFFA}.Debug|Any CPU.Build.0 = Debug|Any CPU
		{234CB3DA-C57C-40C7-BB89-3EDD99FEFFFA}.Release|Any CPU.ActiveCfg = Release|Any CPU
		{234CB3DA-C57C-40C7-BB89-3EDD99FEFFFA}.Release|Any CPU.Build.0 = Release|Any CPU
	EndGlobalSection
	GlobalSection(SolutionProperties) = preSolution
		HideSolutionNode = FALSE
	EndGlobalSection
	GlobalSection(ExtensibilityGlobals) = postSolution
		SolutionGuid = {A1B1F0FC-A87D-4990-8C12-0466D6AFF8E3}
	EndGlobalSection
EndGlobal
